// !$*UTF8*$!
{
	archiveVersion = 1;
	classes = {
	};
	objectVersion = 56;
	objects = {

/* Begin PBXBuildFile section */
		7E36190729D5EE35006FC3AF /* CommentTableViewCell.swift in Sources */ = {isa = PBXBuildFile; fileRef = 7E36190629D5EE35006FC3AF /* CommentTableViewCell.swift */; };
		7EA4FD9829D73DD6003BD456 /* SpacingTableViewCell.swift in Sources */ = {isa = PBXBuildFile; fileRef = 7EA4FD9729D73DD6003BD456 /* SpacingTableViewCell.swift */; };
		7EA6D59529D5D35A008D8501 /* PostsTableViewController.swift in Sources */ = {isa = PBXBuildFile; fileRef = 7EA6D59429D5D35A008D8501 /* PostsTableViewController.swift */; };
		7EB381BF29A7CB7500891EF4 /* AppDelegate.swift in Sources */ = {isa = PBXBuildFile; fileRef = 7EB381BE29A7CB7500891EF4 /* AppDelegate.swift */; };
		7EB381C129A7CB7500891EF4 /* SceneDelegate.swift in Sources */ = {isa = PBXBuildFile; fileRef = 7EB381C029A7CB7500891EF4 /* SceneDelegate.swift */; };
		7EB381C329A7CB7500891EF4 /* ViewController.swift in Sources */ = {isa = PBXBuildFile; fileRef = 7EB381C229A7CB7500891EF4 /* ViewController.swift */; };
		7EB381C629A7CB7500891EF4 /* Main.storyboard in Resources */ = {isa = PBXBuildFile; fileRef = 7EB381C429A7CB7500891EF4 /* Main.storyboard */; };
		7EB381C829A7CB7600891EF4 /* Assets.xcassets in Resources */ = {isa = PBXBuildFile; fileRef = 7EB381C729A7CB7600891EF4 /* Assets.xcassets */; };
		7EB381CB29A7CB7600891EF4 /* LaunchScreen.storyboard in Resources */ = {isa = PBXBuildFile; fileRef = 7EB381C929A7CB7600891EF4 /* LaunchScreen.storyboard */; };
		7EB381D629A7CB7600891EF4 /* Tech_Social_Media_AppTests.swift in Sources */ = {isa = PBXBuildFile; fileRef = 7EB381D529A7CB7600891EF4 /* Tech_Social_Media_AppTests.swift */; };
		7EB381E029A7CB7600891EF4 /* Tech_Social_Media_AppUITests.swift in Sources */ = {isa = PBXBuildFile; fileRef = 7EB381DF29A7CB7600891EF4 /* Tech_Social_Media_AppUITests.swift */; };
		7EB381E229A7CB7600891EF4 /* Tech_Social_Media_AppUITestsLaunchTests.swift in Sources */ = {isa = PBXBuildFile; fileRef = 7EB381E129A7CB7600891EF4 /* Tech_Social_Media_AppUITestsLaunchTests.swift */; };
		7EDE881C29C8ADB400962482 /* Post.swift in Sources */ = {isa = PBXBuildFile; fileRef = 7EDE881B29C8ADB400962482 /* Post.swift */; };
		7EDE881E29C8AE9500962482 /* Comment.swift in Sources */ = {isa = PBXBuildFile; fileRef = 7EDE881D29C8AE9500962482 /* Comment.swift */; };
		7EDE882629C8BCB400962482 /* PostTableViewCell.swift in Sources */ = {isa = PBXBuildFile; fileRef = 7EDE882529C8BCB400962482 /* PostTableViewCell.swift */; };
/* End PBXBuildFile section */

/* Begin PBXContainerItemProxy section */
		7EB381D229A7CB7600891EF4 /* PBXContainerItemProxy */ = {
			isa = PBXContainerItemProxy;
			containerPortal = 7EB381B329A7CB7500891EF4 /* Project object */;
			proxyType = 1;
			remoteGlobalIDString = 7EB381BA29A7CB7500891EF4;
			remoteInfo = "Tech Social Media App";
		};
		7EB381DC29A7CB7600891EF4 /* PBXContainerItemProxy */ = {
			isa = PBXContainerItemProxy;
			containerPortal = 7EB381B329A7CB7500891EF4 /* Project object */;
			proxyType = 1;
			remoteGlobalIDString = 7EB381BA29A7CB7500891EF4;
			remoteInfo = "Tech Social Media App";
		};
/* End PBXContainerItemProxy section */

/* Begin PBXFileReference section */
		7E36190629D5EE35006FC3AF /* CommentTableViewCell.swift */ = {isa = PBXFileReference; lastKnownFileType = sourcecode.swift; path = CommentTableViewCell.swift; sourceTree = "<group>"; };
		7EA4FD9729D73DD6003BD456 /* SpacingTableViewCell.swift */ = {isa = PBXFileReference; lastKnownFileType = sourcecode.swift; path = SpacingTableViewCell.swift; sourceTree = "<group>"; };
		7EA6D59429D5D35A008D8501 /* PostsTableViewController.swift */ = {isa = PBXFileReference; lastKnownFileType = sourcecode.swift; path = PostsTableViewController.swift; sourceTree = "<group>"; };
		7EB381BB29A7CB7500891EF4 /* Tech Social Media App.app */ = {isa = PBXFileReference; explicitFileType = wrapper.application; includeInIndex = 0; path = "Tech Social Media App.app"; sourceTree = BUILT_PRODUCTS_DIR; };
		7EB381BE29A7CB7500891EF4 /* AppDelegate.swift */ = {isa = PBXFileReference; lastKnownFileType = sourcecode.swift; path = AppDelegate.swift; sourceTree = "<group>"; };
		7EB381C029A7CB7500891EF4 /* SceneDelegate.swift */ = {isa = PBXFileReference; lastKnownFileType = sourcecode.swift; path = SceneDelegate.swift; sourceTree = "<group>"; };
		7EB381C229A7CB7500891EF4 /* ViewController.swift */ = {isa = PBXFileReference; lastKnownFileType = sourcecode.swift; path = ViewController.swift; sourceTree = "<group>"; };
		7EB381C529A7CB7500891EF4 /* Base */ = {isa = PBXFileReference; lastKnownFileType = file.storyboard; name = Base; path = Base.lproj/Main.storyboard; sourceTree = "<group>"; };
		7EB381C729A7CB7600891EF4 /* Assets.xcassets */ = {isa = PBXFileReference; lastKnownFileType = folder.assetcatalog; path = Assets.xcassets; sourceTree = "<group>"; };
		7EB381CA29A7CB7600891EF4 /* Base */ = {isa = PBXFileReference; lastKnownFileType = file.storyboard; name = Base; path = Base.lproj/LaunchScreen.storyboard; sourceTree = "<group>"; };
		7EB381CC29A7CB7600891EF4 /* Info.plist */ = {isa = PBXFileReference; lastKnownFileType = text.plist.xml; path = Info.plist; sourceTree = "<group>"; };
		7EB381D129A7CB7600891EF4 /* Tech Social Media AppTests.xctest */ = {isa = PBXFileReference; explicitFileType = wrapper.cfbundle; includeInIndex = 0; path = "Tech Social Media AppTests.xctest"; sourceTree = BUILT_PRODUCTS_DIR; };
		7EB381D529A7CB7600891EF4 /* Tech_Social_Media_AppTests.swift */ = {isa = PBXFileReference; lastKnownFileType = sourcecode.swift; path = Tech_Social_Media_AppTests.swift; sourceTree = "<group>"; };
		7EB381DB29A7CB7600891EF4 /* Tech Social Media AppUITests.xctest */ = {isa = PBXFileReference; explicitFileType = wrapper.cfbundle; includeInIndex = 0; path = "Tech Social Media AppUITests.xctest"; sourceTree = BUILT_PRODUCTS_DIR; };
		7EB381DF29A7CB7600891EF4 /* Tech_Social_Media_AppUITests.swift */ = {isa = PBXFileReference; lastKnownFileType = sourcecode.swift; path = Tech_Social_Media_AppUITests.swift; sourceTree = "<group>"; };
		7EB381E129A7CB7600891EF4 /* Tech_Social_Media_AppUITestsLaunchTests.swift */ = {isa = PBXFileReference; lastKnownFileType = sourcecode.swift; path = Tech_Social_Media_AppUITestsLaunchTests.swift; sourceTree = "<group>"; };
		7EDE881B29C8ADB400962482 /* Post.swift */ = {isa = PBXFileReference; lastKnownFileType = sourcecode.swift; path = Post.swift; sourceTree = "<group>"; };
		7EDE881D29C8AE9500962482 /* Comment.swift */ = {isa = PBXFileReference; lastKnownFileType = sourcecode.swift; path = Comment.swift; sourceTree = "<group>"; };
		7EDE882529C8BCB400962482 /* PostTableViewCell.swift */ = {isa = PBXFileReference; lastKnownFileType = sourcecode.swift; path = PostTableViewCell.swift; sourceTree = "<group>"; };
/* End PBXFileReference section */

/* Begin PBXFrameworksBuildPhase section */
		7EB381B829A7CB7500891EF4 /* Frameworks */ = {
			isa = PBXFrameworksBuildPhase;
			buildActionMask = 2147483647;
			files = (
			);
			runOnlyForDeploymentPostprocessing = 0;
		};
		7EB381CE29A7CB7600891EF4 /* Frameworks */ = {
			isa = PBXFrameworksBuildPhase;
			buildActionMask = 2147483647;
			files = (
			);
			runOnlyForDeploymentPostprocessing = 0;
		};
		7EB381D829A7CB7600891EF4 /* Frameworks */ = {
			isa = PBXFrameworksBuildPhase;
			buildActionMask = 2147483647;
			files = (
			);
			runOnlyForDeploymentPostprocessing = 0;
		};
/* End PBXFrameworksBuildPhase section */

/* Begin PBXGroup section */
		7EB381B229A7CB7500891EF4 = {
			isa = PBXGroup;
			children = (
				7EDE881A29C8AD6900962482 /* Data Models */,
				7EB381BD29A7CB7500891EF4 /* Tech Social Media App */,
				7EB381D429A7CB7600891EF4 /* Tech Social Media AppTests */,
				7EB381DE29A7CB7600891EF4 /* Tech Social Media AppUITests */,
				7EB381BC29A7CB7500891EF4 /* Products */,
			);
			sourceTree = "<group>";
		};
		7EB381BC29A7CB7500891EF4 /* Products */ = {
			isa = PBXGroup;
			children = (
				7EB381BB29A7CB7500891EF4 /* Tech Social Media App.app */,
				7EB381D129A7CB7600891EF4 /* Tech Social Media AppTests.xctest */,
				7EB381DB29A7CB7600891EF4 /* Tech Social Media AppUITests.xctest */,
			);
			name = Products;
			sourceTree = "<group>";
		};
		7EB381BD29A7CB7500891EF4 /* Tech Social Media App */ = {
			isa = PBXGroup;
			children = (
				7EA4FD9729D73DD6003BD456 /* SpacingTableViewCell.swift */,
				7E36190629D5EE35006FC3AF /* CommentTableViewCell.swift */,
				7EDE882529C8BCB400962482 /* PostTableViewCell.swift */,
				7EB381BE29A7CB7500891EF4 /* AppDelegate.swift */,
				7EB381C029A7CB7500891EF4 /* SceneDelegate.swift */,
				7EB381C229A7CB7500891EF4 /* ViewController.swift */,
				7EA6D59429D5D35A008D8501 /* PostsTableViewController.swift */,
				7EB381C429A7CB7500891EF4 /* Main.storyboard */,
				7EB381C729A7CB7600891EF4 /* Assets.xcassets */,
				7EB381C929A7CB7600891EF4 /* LaunchScreen.storyboard */,
				7EB381CC29A7CB7600891EF4 /* Info.plist */,
			);
			path = "Tech Social Media App";
			sourceTree = "<group>";
		};
		7EB381D429A7CB7600891EF4 /* Tech Social Media AppTests */ = {
			isa = PBXGroup;
			children = (
				7EB381D529A7CB7600891EF4 /* Tech_Social_Media_AppTests.swift */,
			);
			path = "Tech Social Media AppTests";
			sourceTree = "<group>";
		};
		7EB381DE29A7CB7600891EF4 /* Tech Social Media AppUITests */ = {
			isa = PBXGroup;
			children = (
				7EB381DF29A7CB7600891EF4 /* Tech_Social_Media_AppUITests.swift */,
				7EB381E129A7CB7600891EF4 /* Tech_Social_Media_AppUITestsLaunchTests.swift */,
			);
			path = "Tech Social Media AppUITests";
			sourceTree = "<group>";
		};
		7EDE881A29C8AD6900962482 /* Data Models */ = {
			isa = PBXGroup;
			children = (
				7EDE881D29C8AE9500962482 /* Comment.swift */,
				7EDE881B29C8ADB400962482 /* Post.swift */,
			);
			path = "Data Models";
			sourceTree = "<group>";
		};
/* End PBXGroup section */

/* Begin PBXNativeTarget section */
		7EB381BA29A7CB7500891EF4 /* Tech Social Media App */ = {
			isa = PBXNativeTarget;
			buildConfigurationList = 7EB381E529A7CB7600891EF4 /* Build configuration list for PBXNativeTarget "Tech Social Media App" */;
			buildPhases = (
				7EB381B729A7CB7500891EF4 /* Sources */,
				7EB381B829A7CB7500891EF4 /* Frameworks */,
				7EB381B929A7CB7500891EF4 /* Resources */,
			);
			buildRules = (
			);
			dependencies = (
			);
			name = "Tech Social Media App";
			productName = "Tech Social Media App";
			productReference = 7EB381BB29A7CB7500891EF4 /* Tech Social Media App.app */;
			productType = "com.apple.product-type.application";
		};
		7EB381D029A7CB7600891EF4 /* Tech Social Media AppTests */ = {
			isa = PBXNativeTarget;
			buildConfigurationList = 7EB381E829A7CB7600891EF4 /* Build configuration list for PBXNativeTarget "Tech Social Media AppTests" */;
			buildPhases = (
				7EB381CD29A7CB7600891EF4 /* Sources */,
				7EB381CE29A7CB7600891EF4 /* Frameworks */,
				7EB381CF29A7CB7600891EF4 /* Resources */,
			);
			buildRules = (
			);
			dependencies = (
				7EB381D329A7CB7600891EF4 /* PBXTargetDependency */,
			);
			name = "Tech Social Media AppTests";
			productName = "Tech Social Media AppTests";
			productReference = 7EB381D129A7CB7600891EF4 /* Tech Social Media AppTests.xctest */;
			productType = "com.apple.product-type.bundle.unit-test";
		};
		7EB381DA29A7CB7600891EF4 /* Tech Social Media AppUITests */ = {
			isa = PBXNativeTarget;
			buildConfigurationList = 7EB381EB29A7CB7600891EF4 /* Build configuration list for PBXNativeTarget "Tech Social Media AppUITests" */;
			buildPhases = (
				7EB381D729A7CB7600891EF4 /* Sources */,
				7EB381D829A7CB7600891EF4 /* Frameworks */,
				7EB381D929A7CB7600891EF4 /* Resources */,
			);
			buildRules = (
			);
			dependencies = (
				7EB381DD29A7CB7600891EF4 /* PBXTargetDependency */,
			);
			name = "Tech Social Media AppUITests";
			productName = "Tech Social Media AppUITests";
			productReference = 7EB381DB29A7CB7600891EF4 /* Tech Social Media AppUITests.xctest */;
			productType = "com.apple.product-type.bundle.ui-testing";
		};
/* End PBXNativeTarget section */

/* Begin PBXProject section */
		7EB381B329A7CB7500891EF4 /* Project object */ = {
			isa = PBXProject;
			attributes = {
				BuildIndependentTargetsInParallel = 1;
				LastSwiftUpdateCheck = 1420;
				LastUpgradeCheck = 1420;
				TargetAttributes = {
					7EB381BA29A7CB7500891EF4 = {
						CreatedOnToolsVersion = 14.2;
					};
					7EB381D029A7CB7600891EF4 = {
						CreatedOnToolsVersion = 14.2;
						TestTargetID = 7EB381BA29A7CB7500891EF4;
					};
					7EB381DA29A7CB7600891EF4 = {
						CreatedOnToolsVersion = 14.2;
						TestTargetID = 7EB381BA29A7CB7500891EF4;
					};
				};
			};
			buildConfigurationList = 7EB381B629A7CB7500891EF4 /* Build configuration list for PBXProject "Tech Social Media App" */;
			compatibilityVersion = "Xcode 14.0";
			developmentRegion = en;
			hasScannedForEncodings = 0;
			knownRegions = (
				en,
				Base,
			);
			mainGroup = 7EB381B229A7CB7500891EF4;
			productRefGroup = 7EB381BC29A7CB7500891EF4 /* Products */;
			projectDirPath = "";
			projectRoot = "";
			targets = (
				7EB381BA29A7CB7500891EF4 /* Tech Social Media App */,
				7EB381D029A7CB7600891EF4 /* Tech Social Media AppTests */,
				7EB381DA29A7CB7600891EF4 /* Tech Social Media AppUITests */,
			);
		};
/* End PBXProject section */

/* Begin PBXResourcesBuildPhase section */
		7EB381B929A7CB7500891EF4 /* Resources */ = {
			isa = PBXResourcesBuildPhase;
			buildActionMask = 2147483647;
			files = (
				7EB381CB29A7CB7600891EF4 /* LaunchScreen.storyboard in Resources */,
				7EB381C829A7CB7600891EF4 /* Assets.xcassets in Resources */,
				7EB381C629A7CB7500891EF4 /* Main.storyboard in Resources */,
			);
			runOnlyForDeploymentPostprocessing = 0;
		};
		7EB381CF29A7CB7600891EF4 /* Resources */ = {
			isa = PBXResourcesBuildPhase;
			buildActionMask = 2147483647;
			files = (
			);
			runOnlyForDeploymentPostprocessing = 0;
		};
		7EB381D929A7CB7600891EF4 /* Resources */ = {
			isa = PBXResourcesBuildPhase;
			buildActionMask = 2147483647;
			files = (
			);
			runOnlyForDeploymentPostprocessing = 0;
		};
/* End PBXResourcesBuildPhase section */

/* Begin PBXSourcesBuildPhase section */
		7EB381B729A7CB7500891EF4 /* Sources */ = {
			isa = PBXSourcesBuildPhase;
			buildActionMask = 2147483647;
			files = (
				7EA6D59529D5D35A008D8501 /* PostsTableViewController.swift in Sources */,
				7EDE881E29C8AE9500962482 /* Comment.swift in Sources */,
				7EDE882629C8BCB400962482 /* PostTableViewCell.swift in Sources */,
				7E36190729D5EE35006FC3AF /* CommentTableViewCell.swift in Sources */,
				7EB381C329A7CB7500891EF4 /* ViewController.swift in Sources */,
				7EA4FD9829D73DD6003BD456 /* SpacingTableViewCell.swift in Sources */,
				7EB381BF29A7CB7500891EF4 /* AppDelegate.swift in Sources */,
				7EB381C129A7CB7500891EF4 /* SceneDelegate.swift in Sources */,
				7EDE881C29C8ADB400962482 /* Post.swift in Sources */,
			);
			runOnlyForDeploymentPostprocessing = 0;
		};
		7EB381CD29A7CB7600891EF4 /* Sources */ = {
			isa = PBXSourcesBuildPhase;
			buildActionMask = 2147483647;
			files = (
				7EB381D629A7CB7600891EF4 /* Tech_Social_Media_AppTests.swift in Sources */,
			);
			runOnlyForDeploymentPostprocessing = 0;
		};
		7EB381D729A7CB7600891EF4 /* Sources */ = {
			isa = PBXSourcesBuildPhase;
			buildActionMask = 2147483647;
			files = (
				7EB381E229A7CB7600891EF4 /* Tech_Social_Media_AppUITestsLaunchTests.swift in Sources */,
				7EB381E029A7CB7600891EF4 /* Tech_Social_Media_AppUITests.swift in Sources */,
			);
			runOnlyForDeploymentPostprocessing = 0;
		};
/* End PBXSourcesBuildPhase section */

/* Begin PBXTargetDependency section */
		7EB381D329A7CB7600891EF4 /* PBXTargetDependency */ = {
			isa = PBXTargetDependency;
			target = 7EB381BA29A7CB7500891EF4 /* Tech Social Media App */;
			targetProxy = 7EB381D229A7CB7600891EF4 /* PBXContainerItemProxy */;
		};
		7EB381DD29A7CB7600891EF4 /* PBXTargetDependency */ = {
			isa = PBXTargetDependency;
			target = 7EB381BA29A7CB7500891EF4 /* Tech Social Media App */;
			targetProxy = 7EB381DC29A7CB7600891EF4 /* PBXContainerItemProxy */;
		};
/* End PBXTargetDependency section */

/* Begin PBXVariantGroup section */
		7EB381C429A7CB7500891EF4 /* Main.storyboard */ = {
			isa = PBXVariantGroup;
			children = (
				7EB381C529A7CB7500891EF4 /* Base */,
			);
			name = Main.storyboard;
			sourceTree = "<group>";
		};
		7EB381C929A7CB7600891EF4 /* LaunchScreen.storyboard */ = {
			isa = PBXVariantGroup;
			children = (
				7EB381CA29A7CB7600891EF4 /* Base */,
			);
			name = LaunchScreen.storyboard;
			sourceTree = "<group>";
		};
/* End PBXVariantGroup section */

/* Begin XCBuildConfiguration section */
		7EB381E329A7CB7600891EF4 /* Debug */ = {
			isa = XCBuildConfiguration;
			buildSettings = {
				ALWAYS_SEARCH_USER_PATHS = NO;
				CLANG_ANALYZER_NONNULL = YES;
				CLANG_ANALYZER_NUMBER_OBJECT_CONVERSION = YES_AGGRESSIVE;
				CLANG_CXX_LANGUAGE_STANDARD = "gnu++20";
				CLANG_ENABLE_MODULES = YES;
				CLANG_ENABLE_OBJC_ARC = YES;
				CLANG_ENABLE_OBJC_WEAK = YES;
				CLANG_WARN_BLOCK_CAPTURE_AUTORELEASING = YES;
				CLANG_WARN_BOOL_CONVERSION = YES;
				CLANG_WARN_COMMA = YES;
				CLANG_WARN_CONSTANT_CONVERSION = YES;
				CLANG_WARN_DEPRECATED_OBJC_IMPLEMENTATIONS = YES;
				CLANG_WARN_DIRECT_OBJC_ISA_USAGE = YES_ERROR;
				CLANG_WARN_DOCUMENTATION_COMMENTS = YES;
				CLANG_WARN_EMPTY_BODY = YES;
				CLANG_WARN_ENUM_CONVERSION = YES;
				CLANG_WARN_INFINITE_RECURSION = YES;
				CLANG_WARN_INT_CONVERSION = YES;
				CLANG_WARN_NON_LITERAL_NULL_CONVERSION = YES;
				CLANG_WARN_OBJC_IMPLICIT_RETAIN_SELF = YES;
				CLANG_WARN_OBJC_LITERAL_CONVERSION = YES;
				CLANG_WARN_OBJC_ROOT_CLASS = YES_ERROR;
				CLANG_WARN_QUOTED_INCLUDE_IN_FRAMEWORK_HEADER = YES;
				CLANG_WARN_RANGE_LOOP_ANALYSIS = YES;
				CLANG_WARN_STRICT_PROTOTYPES = YES;
				CLANG_WARN_SUSPICIOUS_MOVE = YES;
				CLANG_WARN_UNGUARDED_AVAILABILITY = YES_AGGRESSIVE;
				CLANG_WARN_UNREACHABLE_CODE = YES;
				CLANG_WARN__DUPLICATE_METHOD_MATCH = YES;
				COPY_PHASE_STRIP = NO;
				DEBUG_INFORMATION_FORMAT = dwarf;
				ENABLE_STRICT_OBJC_MSGSEND = YES;
				ENABLE_TESTABILITY = YES;
				GCC_C_LANGUAGE_STANDARD = gnu11;
				GCC_DYNAMIC_NO_PIC = NO;
				GCC_NO_COMMON_BLOCKS = YES;
				GCC_OPTIMIZATION_LEVEL = 0;
				GCC_PREPROCESSOR_DEFINITIONS = (
					"DEBUG=1",
					"$(inherited)",
				);
				GCC_WARN_64_TO_32_BIT_CONVERSION = YES;
				GCC_WARN_ABOUT_RETURN_TYPE = YES_ERROR;
				GCC_WARN_UNDECLARED_SELECTOR = YES;
				GCC_WARN_UNINITIALIZED_AUTOS = YES_AGGRESSIVE;
				GCC_WARN_UNUSED_FUNCTION = YES;
				GCC_WARN_UNUSED_VARIABLE = YES;
				IPHONEOS_DEPLOYMENT_TARGET = 16.2;
				MTL_ENABLE_DEBUG_INFO = INCLUDE_SOURCE;
				MTL_FAST_MATH = YES;
				ONLY_ACTIVE_ARCH = YES;
				SDKROOT = iphoneos;
				SWIFT_ACTIVE_COMPILATION_CONDITIONS = DEBUG;
				SWIFT_OPTIMIZATION_LEVEL = "-Onone";
			};
			name = Debug;
		};
		7EB381E429A7CB7600891EF4 /* Release */ = {
			isa = XCBuildConfiguration;
			buildSettings = {
				ALWAYS_SEARCH_USER_PATHS = NO;
				CLANG_ANALYZER_NONNULL = YES;
				CLANG_ANALYZER_NUMBER_OBJECT_CONVERSION = YES_AGGRESSIVE;
				CLANG_CXX_LANGUAGE_STANDARD = "gnu++20";
				CLANG_ENABLE_MODULES = YES;
				CLANG_ENABLE_OBJC_ARC = YES;
				CLANG_ENABLE_OBJC_WEAK = YES;
				CLANG_WARN_BLOCK_CAPTURE_AUTORELEASING = YES;
				CLANG_WARN_BOOL_CONVERSION = YES;
				CLANG_WARN_COMMA = YES;
				CLANG_WARN_CONSTANT_CONVERSION = YES;
				CLANG_WARN_DEPRECATED_OBJC_IMPLEMENTATIONS = YES;
				CLANG_WARN_DIRECT_OBJC_ISA_USAGE = YES_ERROR;
				CLANG_WARN_DOCUMENTATION_COMMENTS = YES;
				CLANG_WARN_EMPTY_BODY = YES;
				CLANG_WARN_ENUM_CONVERSION = YES;
				CLANG_WARN_INFINITE_RECURSION = YES;
				CLANG_WARN_INT_CONVERSION = YES;
				CLANG_WARN_NON_LITERAL_NULL_CONVERSION = YES;
				CLANG_WARN_OBJC_IMPLICIT_RETAIN_SELF = YES;
				CLANG_WARN_OBJC_LITERAL_CONVERSION = YES;
				CLANG_WARN_OBJC_ROOT_CLASS = YES_ERROR;
				CLANG_WARN_QUOTED_INCLUDE_IN_FRAMEWORK_HEADER = YES;
				CLANG_WARN_RANGE_LOOP_ANALYSIS = YES;
				CLANG_WARN_STRICT_PROTOTYPES = YES;
				CLANG_WARN_SUSPICIOUS_MOVE = YES;
				CLANG_WARN_UNGUARDED_AVAILABILITY = YES_AGGRESSIVE;
				CLANG_WARN_UNREACHABLE_CODE = YES;
				CLANG_WARN__DUPLICATE_METHOD_MATCH = YES;
				COPY_PHASE_STRIP = NO;
				DEBUG_INFORMATION_FORMAT = "dwarf-with-dsym";
				ENABLE_NS_ASSERTIONS = NO;
				ENABLE_STRICT_OBJC_MSGSEND = YES;
				GCC_C_LANGUAGE_STANDARD = gnu11;
				GCC_NO_COMMON_BLOCKS = YES;
				GCC_WARN_64_TO_32_BIT_CONVERSION = YES;
				GCC_WARN_ABOUT_RETURN_TYPE = YES_ERROR;
				GCC_WARN_UNDECLARED_SELECTOR = YES;
				GCC_WARN_UNINITIALIZED_AUTOS = YES_AGGRESSIVE;
				GCC_WARN_UNUSED_FUNCTION = YES;
				GCC_WARN_UNUSED_VARIABLE = YES;
				IPHONEOS_DEPLOYMENT_TARGET = 16.2;
				MTL_ENABLE_DEBUG_INFO = NO;
				MTL_FAST_MATH = YES;
				SDKROOT = iphoneos;
				SWIFT_COMPILATION_MODE = wholemodule;
				SWIFT_OPTIMIZATION_LEVEL = "-O";
				VALIDATE_PRODUCT = YES;
			};
			name = Release;
		};
		7EB381E629A7CB7600891EF4 /* Debug */ = {
			isa = XCBuildConfiguration;
			buildSettings = {
				ASSETCATALOG_COMPILER_APPICON_NAME = AppIcon;
				ASSETCATALOG_COMPILER_GLOBAL_ACCENT_COLOR_NAME = AccentColor;
				CODE_SIGN_STYLE = Automatic;
				CURRENT_PROJECT_VERSION = 1;
				DEVELOPMENT_TEAM = P37BL29UZP;
				GENERATE_INFOPLIST_FILE = YES;
				INFOPLIST_FILE = "Tech Social Media App/Info.plist";
				INFOPLIST_KEY_UIApplicationSupportsIndirectInputEvents = YES;
				INFOPLIST_KEY_UILaunchStoryboardName = LaunchScreen;
				INFOPLIST_KEY_UIMainStoryboardFile = Main;
				INFOPLIST_KEY_UISupportedInterfaceOrientations_iPad = "UIInterfaceOrientationPortrait UIInterfaceOrientationPortraitUpsideDown UIInterfaceOrientationLandscapeLeft UIInterfaceOrientationLandscapeRight";
				INFOPLIST_KEY_UISupportedInterfaceOrientations_iPhone = "UIInterfaceOrientationPortrait UIInterfaceOrientationLandscapeLeft UIInterfaceOrientationLandscapeRight";
				LD_RUNPATH_SEARCH_PATHS = (
					"$(inherited)",
					"@executable_path/Frameworks",
				);
				MARKETING_VERSION = 1.0;
				PRODUCT_BUNDLE_IDENTIFIER = "m0resleepstudios.Tech-Social-Media-App";
				PRODUCT_NAME = "$(TARGET_NAME)";
				SWIFT_EMIT_LOC_STRINGS = YES;
				SWIFT_VERSION = 5.0;
				TARGETED_DEVICE_FAMILY = "1,2";
			};
			name = Debug;
		};
		7EB381E729A7CB7600891EF4 /* Release */ = {
			isa = XCBuildConfiguration;
			buildSettings = {
				ASSETCATALOG_COMPILER_APPICON_NAME = AppIcon;
				ASSETCATALOG_COMPILER_GLOBAL_ACCENT_COLOR_NAME = AccentColor;
				CODE_SIGN_STYLE = Automatic;
				CURRENT_PROJECT_VERSION = 1;
				DEVELOPMENT_TEAM = P37BL29UZP;
				GENERATE_INFOPLIST_FILE = YES;
				INFOPLIST_FILE = "Tech Social Media App/Info.plist";
				INFOPLIST_KEY_UIApplicationSupportsIndirectInputEvents = YES;
				INFOPLIST_KEY_UILaunchStoryboardName = LaunchScreen;
				INFOPLIST_KEY_UIMainStoryboardFile = Main;
				INFOPLIST_KEY_UISupportedInterfaceOrientations_iPad = "UIInterfaceOrientationPortrait UIInterfaceOrientationPortraitUpsideDown UIInterfaceOrientationLandscapeLeft UIInterfaceOrientationLandscapeRight";
				INFOPLIST_KEY_UISupportedInterfaceOrientations_iPhone = "UIInterfaceOrientationPortrait UIInterfaceOrientationLandscapeLeft UIInterfaceOrientationLandscapeRight";
				LD_RUNPATH_SEARCH_PATHS = (
					"$(inherited)",
					"@executable_path/Frameworks",
				);
				MARKETING_VERSION = 1.0;
				PRODUCT_BUNDLE_IDENTIFIER = "m0resleepstudios.Tech-Social-Media-App";
				PRODUCT_NAME = "$(TARGET_NAME)";
				SWIFT_EMIT_LOC_STRINGS = YES;
				SWIFT_VERSION = 5.0;
				TARGETED_DEVICE_FAMILY = "1,2";
			};
			name = Release;
		};
		7EB381E929A7CB7600891EF4 /* Debug */ = {
			isa = XCBuildConfiguration;
			buildSettings = {
				ALWAYS_EMBED_SWIFT_STANDARD_LIBRARIES = YES;
				BUNDLE_LOADER = "$(TEST_HOST)";
				CODE_SIGN_STYLE = Automatic;
				CURRENT_PROJECT_VERSION = 1;
				DEVELOPMENT_TEAM = P37BL29UZP;
				GENERATE_INFOPLIST_FILE = YES;
				IPHONEOS_DEPLOYMENT_TARGET = 16.2;
				MARKETING_VERSION = 1.0;
				PRODUCT_BUNDLE_IDENTIFIER = "m0resleepstudios.Tech-Social-Media-AppTests";
				PRODUCT_NAME = "$(TARGET_NAME)";
				SWIFT_EMIT_LOC_STRINGS = NO;
				SWIFT_VERSION = 5.0;
				TARGETED_DEVICE_FAMILY = "1,2";
				TEST_HOST = "$(BUILT_PRODUCTS_DIR)/Tech Social Media App.app/$(BUNDLE_EXECUTABLE_FOLDER_PATH)/Tech Social Media App";
			};
			name = Debug;
		};
		7EB381EA29A7CB7600891EF4 /* Release */ = {
			isa = XCBuildConfiguration;
			buildSettings = {
				ALWAYS_EMBED_SWIFT_STANDARD_LIBRARIES = YES;
				BUNDLE_LOADER = "$(TEST_HOST)";
				CODE_SIGN_STYLE = Automatic;
				CURRENT_PROJECT_VERSION = 1;
				DEVELOPMENT_TEAM = P37BL29UZP;
				GENERATE_INFOPLIST_FILE = YES;
				IPHONEOS_DEPLOYMENT_TARGET = 16.2;
				MARKETING_VERSION = 1.0;
				PRODUCT_BUNDLE_IDENTIFIER = "m0resleepstudios.Tech-Social-Media-AppTests";
				PRODUCT_NAME = "$(TARGET_NAME)";
				SWIFT_EMIT_LOC_STRINGS = NO;
				SWIFT_VERSION = 5.0;
				TARGETED_DEVICE_FAMILY = "1,2";
				TEST_HOST = "$(BUILT_PRODUCTS_DIR)/Tech Social Media App.app/$(BUNDLE_EXECUTABLE_FOLDER_PATH)/Tech Social Media App";
			};
			name = Release;
		};
		7EB381EC29A7CB7600891EF4 /* Debug */ = {
			isa = XCBuildConfiguration;
			buildSettings = {
				ALWAYS_EMBED_SWIFT_STANDARD_LIBRARIES = YES;
				CODE_SIGN_STYLE = Automatic;
				CURRENT_PROJECT_VERSION = 1;
				DEVELOPMENT_TEAM = P37BL29UZP;
				GENERATE_INFOPLIST_FILE = YES;
				MARKETING_VERSION = 1.0;
				PRODUCT_BUNDLE_IDENTIFIER = "m0resleepstudios.Tech-Social-Media-AppUITests";
				PRODUCT_NAME = "$(TARGET_NAME)";
				SWIFT_EMIT_LOC_STRINGS = NO;
				SWIFT_VERSION = 5.0;
				TARGETED_DEVICE_FAMILY = "1,2";
				TEST_TARGET_NAME = "Tech Social Media App";
			};
			name = Debug;
		};
		7EB381ED29A7CB7600891EF4 /* Release */ = {
			isa = XCBuildConfiguration;
			buildSettings = {
				ALWAYS_EMBED_SWIFT_STANDARD_LIBRARIES = YES;
				CODE_SIGN_STYLE = Automatic;
				CURRENT_PROJECT_VERSION = 1;
				DEVELOPMENT_TEAM = P37BL29UZP;
				GENERATE_INFOPLIST_FILE = YES;
				MARKETING_VERSION = 1.0;
				PRODUCT_BUNDLE_IDENTIFIER = "m0resleepstudios.Tech-Social-Media-AppUITests";
				PRODUCT_NAME = "$(TARGET_NAME)";
				SWIFT_EMIT_LOC_STRINGS = NO;
				SWIFT_VERSION = 5.0;
				TARGETED_DEVICE_FAMILY = "1,2";
				TEST_TARGET_NAME = "Tech Social Media App";
			};
			name = Release;
		};
/* End XCBuildConfiguration section */

/* Begin XCConfigurationList section */
		7EB381B629A7CB7500891EF4 /* Build configuration list for PBXProject "Tech Social Media App" */ = {
			isa = XCConfigurationList;
			buildConfigurations = (
				7EB381E329A7CB7600891EF4 /* Debug */,
				7EB381E429A7CB7600891EF4 /* Release */,
			);
			defaultConfigurationIsVisible = 0;
			defaultConfigurationName = Release;
		};
		7EB381E529A7CB7600891EF4 /* Build configuration list for PBXNativeTarget "Tech Social Media App" */ = {
			isa = XCConfigurationList;
			buildConfigurations = (
				7EB381E629A7CB7600891EF4 /* Debug */,
				7EB381E729A7CB7600891EF4 /* Release */,
			);
			defaultConfigurationIsVisible = 0;
			defaultConfigurationName = Release;
		};
		7EB381E829A7CB7600891EF4 /* Build configuration list for PBXNativeTarget "Tech Social Media AppTests" */ = {
			isa = XCConfigurationList;
			buildConfigurations = (
				7EB381E929A7CB7600891EF4 /* Debug */,
				7EB381EA29A7CB7600891EF4 /* Release */,
			);
			defaultConfigurationIsVisible = 0;
			defaultConfigurationName = Release;
		};
		7EB381EB29A7CB7600891EF4 /* Build configuration list for PBXNativeTarget "Tech Social Media AppUITests" */ = {
			isa = XCConfigurationList;
			buildConfigurations = (
				7EB381EC29A7CB7600891EF4 /* Debug */,
				7EB381ED29A7CB7600891EF4 /* Release */,
			);
			defaultConfigurationIsVisible = 0;
			defaultConfigurationName = Release;
		};
/* End XCConfigurationList section */
	};
	rootObject = 7EB381B329A7CB7500891EF4 /* Project object */;
}
